
Microsoft Visual Studio Solution File, Format Version 12.00
# Visual Studio Version 16
VisualStudioVersion = 16.0.30204.135
MinimumVisualStudioVersion = 10.0.40219.1
Project("{FAE04EC0-301F-11D3-BF4B-00C04F79EFBC}") = "MathMultiplicationTables.Android", "MathMultiplicationTables\MathMultiplicationTables.Android\MathMultiplicationTables.Android.csproj", "{F84A5347-10BC-4627-B6AF-8522618BB3E1}"
EndProject
Project("{FAE04EC0-301F-11D3-BF4B-00C04F79EFBC}") = "MathMultiplicationTables.iOS", "MathMultiplicationTables\MathMultiplicationTables.iOS\MathMultiplicationTables.iOS.csproj", "{7A639CAE-D750-43DC-BA28-8B44EC5F5397}"
EndProject
Project("{FAE04EC0-301F-11D3-BF4B-00C04F79EFBC}") = "MathMultiplicationTables", "MathMultiplicationTables\MathMultiplicationTables\MathMultiplicationTables.csproj", "{3FD6DF8A-80C1-4077-B3B0-6A4049F80728}"
EndProject
Global
	GlobalSection(SolutionConfigurationPlatforms) = preSolution
		Debug|Any CPU = Debug|Any CPU
		Debug|iPhone = Debug|iPhone
		Debug|iPhoneSimulator = Debug|iPhoneSimulator
		Release|Any CPU = Release|Any CPU
		Release|iPhone = Release|iPhone
		Release|iPhoneSimulator = Release|iPhoneSimulator
	EndGlobalSection
	GlobalSection(ProjectConfigurationPlatforms) = postSolution
		{F84A5347-10BC-4627-B6AF-8522618BB3E1}.Debug|Any CPU.ActiveCfg = Debug|Any CPU
		{F84A5347-10BC-4627-B6AF-8522618BB3E1}.Debug|Any CPU.Build.0 = Debug|Any CPU
		{F84A5347-10BC-4627-B6AF-8522618BB3E1}.Debug|Any CPU.Deploy.0 = Debug|Any CPU
		{F84A5347-10BC-4627-B6AF-8522618BB3E1}.Debug|iPhone.ActiveCfg = Debug|Any CPU
		{F84A5347-10BC-4627-B6AF-8522618BB3E1}.Debug|iPhone.Build.0 = Debug|Any CPU
		{F84A5347-10BC-4627-B6AF-8522618BB3E1}.Debug|iPhone.Deploy.0 = Debug|Any CPU
		{F84A5347-10BC-4627-B6AF-8522618BB3E1}.Debug|iPhoneSimulator.ActiveCfg = Debug|Any CPU
		{F84A5347-10BC-4627-B6AF-8522618BB3E1}.Debug|iPhoneSimulator.Build.0 = Debug|Any CPU
		{F84A5347-10BC-4627-B6AF-8522618BB3E1}.Debug|iPhoneSimulator.Deploy.0 = Debug|Any CPU
		{F84A5347-10BC-4627-B6AF-8522618BB3E1}.Release|Any CPU.ActiveCfg = Release|Any CPU
		{F84A5347-10BC-4627-B6AF-8522618BB3E1}.Release|Any CPU.Build.0 = Release|Any CPU
		{F84A5347-10BC-4627-B6AF-8522618BB3E1}.Release|Any CPU.Deploy.0 = Release|Any CPU
		{F84A5347-10BC-4627-B6AF-8522618BB3E1}.Release|iPhone.ActiveCfg = Release|Any CPU
		{F84A5347-10BC-4627-B6AF-8522618BB3E1}.Release|iPhone.Build.0 = Release|Any CPU
		{F84A5347-10BC-4627-B6AF-8522618BB3E1}.Release|iPhone.Deploy.0 = Release|Any CPU
		{F84A5347-10BC-4627-B6AF-8522618BB3E1}.Release|iPhoneSimulator.ActiveCfg = Release|Any CPU
		{F84A5347-10BC-4627-B6AF-8522618BB3E1}.Release|iPhoneSimulator.Build.0 = Release|Any CPU
		{F84A5347-10BC-4627-B6AF-8522618BB3E1}.Release|iPhoneSimulator.Deploy.0 = Release|Any CPU
		{7A639CAE-D750-43DC-BA28-8B44EC5F5397}.Debug|Any CPU.ActiveCfg = Debug|iPhone
		{7A639CAE-D750-43DC-BA28-8B44EC5F5397}.Debug|Any CPU.Build.0 = Debug|iPhone
		{7A639CAE-D750-43DC-BA28-8B44EC5F5397}.Debug|Any CPU.Deploy.0 = Debug|iPhone
		{7A639CAE-D750-43DC-BA28-8B44EC5F5397}.Debug|iPhone.ActiveCfg = Debug|iPhone
		{7A639CAE-D750-43DC-BA28-8B44EC5F5397}.Debug|iPhone.Build.0 = Debug|iPhone
		{7A639CAE-D750-43DC-BA28-8B44EC5F5397}.Debug|iPhone.Deploy.0 = Debug|iPhone
		{7A639CAE-D750-43DC-BA28-8B44EC5F5397}.Debug|iPhoneSimulator.ActiveCfg = Debug|iPhoneSimulator
		{7A639CAE-D750-43DC-BA28-8B44EC5F5397}.Debug|iPhoneSimulator.Build.0 = Debug|iPhoneSimulator
		{7A639CAE-D750-43DC-BA28-8B44EC5F5397}.Debug|iPhoneSimulator.Deploy.0 = Debug|iPhoneSimulator
		{7A639CAE-D750-43DC-BA28-8B44EC5F5397}.Release|Any CPU.ActiveCfg = Release|iPhone
		{7A639CAE-D750-43DC-BA28-8B44EC5F5397}.Release|Any CPU.Build.0 = Release|iPhone
		{7A639CAE-D750-43DC-BA28-8B44EC5F5397}.Release|Any CPU.Deploy.0 = Release|iPhone
		{7A639CAE-D750-43DC-BA28-8B44EC5F5397}.Release|iPhone.ActiveCfg = Release|iPhone
		{7A639CAE-D750-43DC-BA28-8B44EC5F5397}.Release|iPhone.Build.0 = Release|iPhone
		{7A639CAE-D750-43DC-BA28-8B44EC5F5397}.Release|iPhone.Deploy.0 = Release|iPhone
		{7A639CAE-D750-43DC-BA28-8B44EC5F5397}.Release|iPhoneSimulator.ActiveCfg = Release|iPhoneSimulator
		{7A639CAE-D750-43DC-BA28-8B44EC5F5397}.Release|iPhoneSimulator.Build.0 = Release|iPhoneSimulator
		{7A639CAE-D750-43DC-BA28-8B44EC5F5397}.Release|iPhoneSimulator.Deploy.0 = Release|iPhoneSimulator
		{3FD6DF8A-80C1-4077-B3B0-6A4049F80728}.Debug|Any CPU.ActiveCfg = Debug|Any CPU
		{3FD6DF8A-80C1-4077-B3B0-6A4049F80728}.Debug|Any CPU.Build.0 = Debug|Any CPU
		{3FD6DF8A-80C1-4077-B3B0-6A4049F80728}.Debug|Any CPU.Deploy.0 = Debug|Any CPU
		{3FD6DF8A-80C1-4077-B3B0-6A4049F80728}.Debug|iPhone.ActiveCfg = Debug|Any CPU
		{3FD6DF8A-80C1-4077-B3B0-6A4049F80728}.Debug|iPhone.Build.0 = Debug|Any CPU
		{3FD6DF8A-80C1-4077-B3B0-6A4049F80728}.Debug|iPhone.Deploy.0 = Debug|Any CPU
		{3FD6DF8A-80C1-4077-B3B0-6A4049F80728}.Debug|iPhoneSimulator.ActiveCfg = Debug|Any CPU
		{3FD6DF8A-80C1-4077-B3B0-6A4049F80728}.Debug|iPhoneSimulator.Build.0 = Debug|Any CPU
		{3FD6DF8A-80C1-4077-B3B0-6A4049F80728}.Debug|iPhoneSimulator.Deploy.0 = Debug|Any CPU
		{3FD6DF8A-80C1-4077-B3B0-6A4049F80728}.Release|Any CPU.ActiveCfg = Release|Any CPU
		{3FD6DF8A-80C1-4077-B3B0-6A4049F80728}.Release|Any CPU.Build.0 = Release|Any CPU
		{3FD6DF8A-80C1-4077-B3B0-6A4049F80728}.Release|Any CPU.Deploy.0 = Release|Any CPU
		{3FD6DF8A-80C1-4077-B3B0-6A4049F80728}.Release|iPhone.ActiveCfg = Release|Any CPU
		{3FD6DF8A-80C1-4077-B3B0-6A4049F80728}.Release|iPhone.Build.0 = Release|Any CPU
		{3FD6DF8A-80C1-4077-B3B0-6A4049F80728}.Release|iPhone.Deploy.0 = Release|Any CPU
		{3FD6DF8A-80C1-4077-B3B0-6A4049F80728}.Release|iPhoneSimulator.ActiveCfg = Release|Any CPU
		{3FD6DF8A-80C1-4077-B3B0-6A4049F80728}.Release|iPhoneSimulator.Build.0 = Release|Any CPU
		{3FD6DF8A-80C1-4077-B3B0-6A4049F80728}.Release|iPhoneSimulator.Deploy.0 = Release|Any CPU
	EndGlobalSection
	GlobalSection(SolutionProperties) = preSolution
		HideSolutionNode = FALSE
	EndGlobalSection
	GlobalSection(ExtensibilityGlobals) = postSolution
		SolutionGuid = {F22F003E-4FD7-4740-9307-F15380572928}
	EndGlobalSection
EndGlobal
